// !$*UTF8*$!
{
	archiveVersion = 1;
	classes = {
	};
	objectVersion = 77;
	objects = {

/* Begin PBXBuildFile section */
		1339185C2F4682C15E7FD561 /* GeminiReader.swift in Sources */ = {isa = PBXBuildFile; fileRef = 1ECBD121B3295E0A82BFEC6F /* GeminiReader.swift */; };
		1E7C53EF7BAF07A1C551C209 /* ClaudeCodeReader.swift in Sources */ = {isa = PBXBuildFile; fileRef = 1E39FEDA1C54CC7963BE6666 /* ClaudeCodeReader.swift */; };
		1FB4ED113446D352F95E0B54 /* UsageService.swift in Sources */ = {isa = PBXBuildFile; fileRef = 44B24EEDF2DE68944ED1E2AF /* UsageService.swift */; };
		2B6D19495FEB39ABA653D9CD /* TokiApp.swift in Sources */ = {isa = PBXBuildFile; fileRef = B6780BA4E1370D9DC631805A /* TokiApp.swift */; };
		2BDBAC61B6DA87BCC6518B13 /* AppDelegate.swift in Sources */ = {isa = PBXBuildFile; fileRef = 831875CB342E2B92B39884E6 /* AppDelegate.swift */; };
		2C51D50E2644F2AFCF78F400 /* rabbit_run_06.png in Resources */ = {isa = PBXBuildFile; fileRef = 0E640BFCC95D2085AA49840F /* rabbit_run_06.png */; };
		339C9503BDA819E40DBC4232 /* rabbit_run_07.png in Resources */ = {isa = PBXBuildFile; fileRef = 4AFAEDCB4319F2927AF1C6BE /* rabbit_run_07.png */; };
		3DAEE507EF8B9F72EDE9BE79 /* rabbit_run_01.png in Resources */ = {isa = PBXBuildFile; fileRef = 6505D569EA8EE2E43BC1107E /* rabbit_run_01.png */; };
		425A029E55287884FADADEF6 /* rabbit_run_00.png in Resources */ = {isa = PBXBuildFile; fileRef = 913CCF13950428ECD3F610B8 /* rabbit_run_00.png */; };
		43110D2C1421F86D10C82DE1 /* rabbit_run_03.png in Resources */ = {isa = PBXBuildFile; fileRef = 3B23FF3ABE5C9B83999FF4FA /* rabbit_run_03.png */; };
		4F126E2832914FC8D7CEB111 /* rabbit_run_04.png in Resources */ = {isa = PBXBuildFile; fileRef = 9F0D700BB18FFF007E749E42 /* rabbit_run_04.png */; };
		5ADB503329329A6D6460E16F /* ModelPricing.swift in Sources */ = {isa = PBXBuildFile; fileRef = C9069C6065B003DDF4FE03DE /* ModelPricing.swift */; };
		5B6B5B1124C20DC165B0AFDC /* OpenCodeReader.swift in Sources */ = {isa = PBXBuildFile; fileRef = 22BEE93F954CDF93C482B74C /* OpenCodeReader.swift */; };
		6D65C71BB51E72D5A2473282 /* UsageModel.swift in Sources */ = {isa = PBXBuildFile; fileRef = 0320417FBAA7D0BD0DB4A7C0 /* UsageModel.swift */; };
		7A1ADF172F4E2366CC4CE3E3 /* rabbit_run_02.png in Resources */ = {isa = PBXBuildFile; fileRef = 128D492BD818BC76538BE7CA /* rabbit_run_02.png */; };
		AEFCAD47092D4DA5C27342A6 /* libsqlite3.tbd in Frameworks */ = {isa = PBXBuildFile; fileRef = 3BB2D1DD657FD734F8EC731D /* libsqlite3.tbd */; };
		B8D4859384D31130ADF0F59A /* rabbit_run_08.png in Resources */ = {isa = PBXBuildFile; fileRef = 208C53C0F71DA6701BC0A967 /* rabbit_run_08.png */; };
		B999F99D0634BF9E7760E045 /* OpenClawReader.swift in Sources */ = {isa = PBXBuildFile; fileRef = 4DBBF772EC97A2E5F60E6518 /* OpenClawReader.swift */; };
		C36760D5F31645546E54DD9F /* Assets.xcassets in Resources */ = {isa = PBXBuildFile; fileRef = E1DA65F57500D6F6BB7793AD /* Assets.xcassets */; };
		CC3EDC4DDBF483121416415F /* TokenReader.swift in Sources */ = {isa = PBXBuildFile; fileRef = B2C54E537E3AB749A6ABF0C1 /* TokenReader.swift */; };
		D370E136A34511750F12DF91 /* rabbit_run_05.png in Resources */ = {isa = PBXBuildFile; fileRef = A169A412590D629F7E46349A /* rabbit_run_05.png */; };
		D505F248C3575FED8841621F /* UsagePanelView.swift in Sources */ = {isa = PBXBuildFile; fileRef = A263FBFA6968B6D3F28C1460 /* UsagePanelView.swift */; };
		E4DBDA31F535DF1F2A5C9D79 /* rabbit_run_09.png in Resources */ = {isa = PBXBuildFile; fileRef = F530FE547E52625EFB2B8042 /* rabbit_run_09.png */; };
		E9C407845894DFD785E6AB5B /* CodexReader.swift in Sources */ = {isa = PBXBuildFile; fileRef = 50B366E58A405FF989F7BC1E /* CodexReader.swift */; };
		FD1568B165A3D18461FBDB40 /* ActivityMonitor.swift in Sources */ = {isa = PBXBuildFile; fileRef = 6BCDB2F5E443EC3A58199F36 /* ActivityMonitor.swift */; };
/* End PBXBuildFile section */

/* Begin PBXFileReference section */
		0320417FBAA7D0BD0DB4A7C0 /* UsageModel.swift */ = {isa = PBXFileReference; lastKnownFileType = sourcecode.swift; path = UsageModel.swift; sourceTree = "<group>"; };
		0E640BFCC95D2085AA49840F /* rabbit_run_06.png */ = {isa = PBXFileReference; lastKnownFileType = image.png; path = rabbit_run_06.png; sourceTree = "<group>"; };
		128D492BD818BC76538BE7CA /* rabbit_run_02.png */ = {isa = PBXFileReference; lastKnownFileType = image.png; path = rabbit_run_02.png; sourceTree = "<group>"; };
		1E39FEDA1C54CC7963BE6666 /* ClaudeCodeReader.swift */ = {isa = PBXFileReference; lastKnownFileType = sourcecode.swift; path = ClaudeCodeReader.swift; sourceTree = "<group>"; };
		1ECBD121B3295E0A82BFEC6F /* GeminiReader.swift */ = {isa = PBXFileReference; lastKnownFileType = sourcecode.swift; path = GeminiReader.swift; sourceTree = "<group>"; };
		208C53C0F71DA6701BC0A967 /* rabbit_run_08.png */ = {isa = PBXFileReference; lastKnownFileType = image.png; path = rabbit_run_08.png; sourceTree = "<group>"; };
		22BEE93F954CDF93C482B74C /* OpenCodeReader.swift */ = {isa = PBXFileReference; lastKnownFileType = sourcecode.swift; path = OpenCodeReader.swift; sourceTree = "<group>"; };
		3B23FF3ABE5C9B83999FF4FA /* rabbit_run_03.png */ = {isa = PBXFileReference; lastKnownFileType = image.png; path = rabbit_run_03.png; sourceTree = "<group>"; };
		3BB2D1DD657FD734F8EC731D /* libsqlite3.tbd */ = {isa = PBXFileReference; lastKnownFileType = "sourcecode.text-based-dylib-definition"; name = libsqlite3.tbd; path = usr/lib/libsqlite3.tbd; sourceTree = SDKROOT; };
		44B24EEDF2DE68944ED1E2AF /* UsageService.swift */ = {isa = PBXFileReference; lastKnownFileType = sourcecode.swift; path = UsageService.swift; sourceTree = "<group>"; };
		4AFAEDCB4319F2927AF1C6BE /* rabbit_run_07.png */ = {isa = PBXFileReference; lastKnownFileType = image.png; path = rabbit_run_07.png; sourceTree = "<group>"; };
		4DBBF772EC97A2E5F60E6518 /* OpenClawReader.swift */ = {isa = PBXFileReference; lastKnownFileType = sourcecode.swift; path = OpenClawReader.swift; sourceTree = "<group>"; };
		50B366E58A405FF989F7BC1E /* CodexReader.swift */ = {isa = PBXFileReference; lastKnownFileType = sourcecode.swift; path = CodexReader.swift; sourceTree = "<group>"; };
		6505D569EA8EE2E43BC1107E /* rabbit_run_01.png */ = {isa = PBXFileReference; lastKnownFileType = image.png; path = rabbit_run_01.png; sourceTree = "<group>"; };
		6BCDB2F5E443EC3A58199F36 /* ActivityMonitor.swift */ = {isa = PBXFileReference; lastKnownFileType = sourcecode.swift; path = ActivityMonitor.swift; sourceTree = "<group>"; };
		831875CB342E2B92B39884E6 /* AppDelegate.swift */ = {isa = PBXFileReference; lastKnownFileType = sourcecode.swift; path = AppDelegate.swift; sourceTree = "<group>"; };
		913CCF13950428ECD3F610B8 /* rabbit_run_00.png */ = {isa = PBXFileReference; lastKnownFileType = image.png; path = rabbit_run_00.png; sourceTree = "<group>"; };
		9F0D700BB18FFF007E749E42 /* rabbit_run_04.png */ = {isa = PBXFileReference; lastKnownFileType = image.png; path = rabbit_run_04.png; sourceTree = "<group>"; };
		A169A412590D629F7E46349A /* rabbit_run_05.png */ = {isa = PBXFileReference; lastKnownFileType = image.png; path = rabbit_run_05.png; sourceTree = "<group>"; };
		A263FBFA6968B6D3F28C1460 /* UsagePanelView.swift */ = {isa = PBXFileReference; lastKnownFileType = sourcecode.swift; path = UsagePanelView.swift; sourceTree = "<group>"; };
		B2C54E537E3AB749A6ABF0C1 /* TokenReader.swift */ = {isa = PBXFileReference; lastKnownFileType = sourcecode.swift; path = TokenReader.swift; sourceTree = "<group>"; };
		B31BA1453045E7814FA75C65 /* Info.plist */ = {isa = PBXFileReference; lastKnownFileType = text.plist; path = Info.plist; sourceTree = "<group>"; };
		B6780BA4E1370D9DC631805A /* TokiApp.swift */ = {isa = PBXFileReference; lastKnownFileType = sourcecode.swift; path = TokiApp.swift; sourceTree = "<group>"; };
		C9069C6065B003DDF4FE03DE /* ModelPricing.swift */ = {isa = PBXFileReference; lastKnownFileType = sourcecode.swift; path = ModelPricing.swift; sourceTree = "<group>"; };
		E1DA65F57500D6F6BB7793AD /* Assets.xcassets */ = {isa = PBXFileReference; lastKnownFileType = folder.assetcatalog; path = Assets.xcassets; sourceTree = "<group>"; };
		F530FE547E52625EFB2B8042 /* rabbit_run_09.png */ = {isa = PBXFileReference; lastKnownFileType = image.png; path = rabbit_run_09.png; sourceTree = "<group>"; };
		FF845EBA9FB3CEFA39ACA935 /* Toki.app */ = {isa = PBXFileReference; explicitFileType = wrapper.application; includeInIndex = 0; path = Toki.app; sourceTree = BUILT_PRODUCTS_DIR; };
/* End PBXFileReference section */

/* Begin PBXFrameworksBuildPhase section */
		79CCC847788060700D18287D /* Frameworks */ = {
			isa = PBXFrameworksBuildPhase;
			buildActionMask = 2147483647;
			files = (
				AEFCAD47092D4DA5C27342A6 /* libsqlite3.tbd in Frameworks */,
			);
			runOnlyForDeploymentPostprocessing = 0;
		};
/* End PBXFrameworksBuildPhase section */

/* Begin PBXGroup section */
		3BD800651BB248771B535149 /* Resources */ = {
			isa = PBXGroup;
			children = (
				C28DAD1E01AE6D8F6B365285 /* Animation */,
			);
			path = Resources;
			sourceTree = "<group>";
		};
		454A37AD28F814A2EDD5E2CF /* Views */ = {
			isa = PBXGroup;
			children = (
				A263FBFA6968B6D3F28C1460 /* UsagePanelView.swift */,
			);
			path = Views;
			sourceTree = "<group>";
		};
		AA9CBC7B351FF453D6392F64 /* App */ = {
			isa = PBXGroup;
			children = (
				831875CB342E2B92B39884E6 /* AppDelegate.swift */,
				B6780BA4E1370D9DC631805A /* TokiApp.swift */,
			);
			path = App;
			sourceTree = "<group>";
		};
		C28DAD1E01AE6D8F6B365285 /* Animation */ = {
			isa = PBXGroup;
			children = (
				913CCF13950428ECD3F610B8 /* rabbit_run_00.png */,
				6505D569EA8EE2E43BC1107E /* rabbit_run_01.png */,
				128D492BD818BC76538BE7CA /* rabbit_run_02.png */,
				3B23FF3ABE5C9B83999FF4FA /* rabbit_run_03.png */,
				9F0D700BB18FFF007E749E42 /* rabbit_run_04.png */,
				A169A412590D629F7E46349A /* rabbit_run_05.png */,
				0E640BFCC95D2085AA49840F /* rabbit_run_06.png */,
				4AFAEDCB4319F2927AF1C6BE /* rabbit_run_07.png */,
				208C53C0F71DA6701BC0A967 /* rabbit_run_08.png */,
				F530FE547E52625EFB2B8042 /* rabbit_run_09.png */,
			);
			path = Animation;
			sourceTree = "<group>";
		};
		CDE60B7C4A6443C9E536737C /* Models */ = {
			isa = PBXGroup;
			children = (
				0320417FBAA7D0BD0DB4A7C0 /* UsageModel.swift */,
				44B24EEDF2DE68944ED1E2AF /* UsageService.swift */,
			);
			path = Models;
			sourceTree = "<group>";
		};
		D0192DBF629DD690E8D1193C /* Frameworks */ = {
			isa = PBXGroup;
			children = (
				3BB2D1DD657FD734F8EC731D /* libsqlite3.tbd */,
			);
			name = Frameworks;
			sourceTree = "<group>";
		};
		D4F7CB66A43B020E76045F98 /* Products */ = {
			isa = PBXGroup;
			children = (
				FF845EBA9FB3CEFA39ACA935 /* Toki.app */,
			);
			name = Products;
			sourceTree = "<group>";
		};
		D500D0F5E7F34C79980692A1 /* Toki */ = {
			isa = PBXGroup;
			children = (
				E1DA65F57500D6F6BB7793AD /* Assets.xcassets */,
				B31BA1453045E7814FA75C65 /* Info.plist */,
				AA9CBC7B351FF453D6392F64 /* App */,
				CDE60B7C4A6443C9E536737C /* Models */,
				E1AE566B8CE2289537AAA6F2 /* Readers */,
				3BD800651BB248771B535149 /* Resources */,
				D5D339A397F7FA2CF2790F2C /* Utilities */,
				454A37AD28F814A2EDD5E2CF /* Views */,
			);
			path = Toki;
			sourceTree = "<group>";
		};
		D5D339A397F7FA2CF2790F2C /* Utilities */ = {
			isa = PBXGroup;
			children = (
				6BCDB2F5E443EC3A58199F36 /* ActivityMonitor.swift */,
			);
			path = Utilities;
			sourceTree = "<group>";
		};
		E1AE566B8CE2289537AAA6F2 /* Readers */ = {
			isa = PBXGroup;
			children = (
				1E39FEDA1C54CC7963BE6666 /* ClaudeCodeReader.swift */,
				50B366E58A405FF989F7BC1E /* CodexReader.swift */,
				1ECBD121B3295E0A82BFEC6F /* GeminiReader.swift */,
				C9069C6065B003DDF4FE03DE /* ModelPricing.swift */,
				4DBBF772EC97A2E5F60E6518 /* OpenClawReader.swift */,
				22BEE93F954CDF93C482B74C /* OpenCodeReader.swift */,
				B2C54E537E3AB749A6ABF0C1 /* TokenReader.swift */,
			);
			path = Readers;
			sourceTree = "<group>";
		};
		F318A0B53D228A28053AC05F = {
			isa = PBXGroup;
			children = (
				D500D0F5E7F34C79980692A1 /* Toki */,
				D0192DBF629DD690E8D1193C /* Frameworks */,
				D4F7CB66A43B020E76045F98 /* Products */,
			);
			sourceTree = "<group>";
		};
/* End PBXGroup section */

/* Begin PBXNativeTarget section */
		B50363118EEADF28FE868455 /* Toki */ = {
			isa = PBXNativeTarget;
			buildConfigurationList = E661EAB52D27C72829628BBC /* Build configuration list for PBXNativeTarget "Toki" */;
			buildPhases = (
				0AED3256AF30ABACDA10DACA /* Sources */,
				5F16307A79D02802CFF38970 /* Resources */,
				79CCC847788060700D18287D /* Frameworks */,
			);
			buildRules = (
			);
			dependencies = (
			);
			name = Toki;
			packageProductDependencies = (
			);
			productName = Toki;
			productReference = FF845EBA9FB3CEFA39ACA935 /* Toki.app */;
			productType = "com.apple.product-type.application";
		};
/* End PBXNativeTarget section */

/* Begin PBXProject section */
		E67815167FB87B2547400755 /* Project object */ = {
			isa = PBXProject;
			attributes = {
				BuildIndependentTargetsInParallel = YES;
				LastUpgradeCheck = 1430;
				TargetAttributes = {
					B50363118EEADF28FE868455 = {
						ProvisioningStyle = Automatic;
					};
				};
			};
			buildConfigurationList = BF8894522CD09D5EBB16FFE4 /* Build configuration list for PBXProject "Toki" */;
			compatibilityVersion = "Xcode 14.0";
			developmentRegion = en;
			hasScannedForEncodings = 0;
			knownRegions = (
				Base,
				en,
			);
			mainGroup = F318A0B53D228A28053AC05F;
			minimizedProjectReferenceProxies = 1;
			preferredProjectObjectVersion = 77;
			projectDirPath = "";
			projectRoot = "";
			targets = (
				B50363118EEADF28FE868455 /* Toki */,
			);
		};
/* End PBXProject section */

/* Begin PBXResourcesBuildPhase section */
		5F16307A79D02802CFF38970 /* Resources */ = {
			isa = PBXResourcesBuildPhase;
			buildActionMask = 2147483647;
			files = (
				C36760D5F31645546E54DD9F /* Assets.xcassets in Resources */,
				425A029E55287884FADADEF6 /* rabbit_run_00.png in Resources */,
				3DAEE507EF8B9F72EDE9BE79 /* rabbit_run_01.png in Resources */,
				7A1ADF172F4E2366CC4CE3E3 /* rabbit_run_02.png in Resources */,
				43110D2C1421F86D10C82DE1 /* rabbit_run_03.png in Resources */,
				4F126E2832914FC8D7CEB111 /* rabbit_run_04.png in Resources */,
				D370E136A34511750F12DF91 /* rabbit_run_05.png in Resources */,
				2C51D50E2644F2AFCF78F400 /* rabbit_run_06.png in Resources */,
				339C9503BDA819E40DBC4232 /* rabbit_run_07.png in Resources */,
				B8D4859384D31130ADF0F59A /* rabbit_run_08.png in Resources */,
				E4DBDA31F535DF1F2A5C9D79 /* rabbit_run_09.png in Resources */,
			);
			runOnlyForDeploymentPostprocessing = 0;
		};
/* End PBXResourcesBuildPhase section */

/* Begin PBXSourcesBuildPhase section */
		0AED3256AF30ABACDA10DACA /* Sources */ = {
			isa = PBXSourcesBuildPhase;
			buildActionMask = 2147483647;
			files = (
				FD1568B165A3D18461FBDB40 /* ActivityMonitor.swift in Sources */,
				2BDBAC61B6DA87BCC6518B13 /* AppDelegate.swift in Sources */,
				1E7C53EF7BAF07A1C551C209 /* ClaudeCodeReader.swift in Sources */,
				E9C407845894DFD785E6AB5B /* CodexReader.swift in Sources */,
				1339185C2F4682C15E7FD561 /* GeminiReader.swift in Sources */,
				5ADB503329329A6D6460E16F /* ModelPricing.swift in Sources */,
				B999F99D0634BF9E7760E045 /* OpenClawReader.swift in Sources */,
				5B6B5B1124C20DC165B0AFDC /* OpenCodeReader.swift in Sources */,
				CC3EDC4DDBF483121416415F /* TokenReader.swift in Sources */,
				2B6D19495FEB39ABA653D9CD /* TokiApp.swift in Sources */,
				6D65C71BB51E72D5A2473282 /* UsageModel.swift in Sources */,
				D505F248C3575FED8841621F /* UsagePanelView.swift in Sources */,
				1FB4ED113446D352F95E0B54 /* UsageService.swift in Sources */,
			);
			runOnlyForDeploymentPostprocessing = 0;
		};
/* End PBXSourcesBuildPhase section */

/* Begin XCBuildConfiguration section */
		15BC7E39359BF3D20D5ACD21 /* Debug */ = {
			isa = XCBuildConfiguration;
			buildSettings = {
				ASSETCATALOG_COMPILER_APPICON_NAME = AppIcon;
				CODE_SIGN_STYLE = Automatic;
				COMBINE_HIDPI_IMAGES = YES;
				INFOPLIST_FILE = Toki/Info.plist;
				LD_RUNPATH_SEARCH_PATHS = (
					"$(inherited)",
					"@executable_path/../Frameworks",
				);
				MACOSX_DEPLOYMENT_TARGET = 13.0;
				PRODUCT_BUNDLE_IDENTIFIER = com.toki.app;
				SDKROOT = macosx;
				SWIFT_VERSION = 5.9;
			};
			name = Debug;
		};
		3A3C658AF1D5A41D521616DB /* Debug */ = {
			isa = XCBuildConfiguration;
			buildSettings = {
				ALWAYS_SEARCH_USER_PATHS = NO;
				CLANG_ANALYZER_NONNULL = YES;
				CLANG_ANALYZER_NUMBER_OBJECT_CONVERSION = YES_AGGRESSIVE;
				CLANG_CXX_LANGUAGE_STANDARD = "gnu++14";
				CLANG_CXX_LIBRARY = "libc++";
				CLANG_ENABLE_MODULES = YES;
				CLANG_ENABLE_OBJC_ARC = YES;
				CLANG_ENABLE_OBJC_WEAK = YES;
				CLANG_WARN_BLOCK_CAPTURE_AUTORELEASING = YES;
				CLANG_WARN_BOOL_CONVERSION = YES;
				CLANG_WARN_COMMA = YES;
				CLANG_WARN_CONSTANT_CONVERSION = YES;
				CLANG_WARN_DEPRECATED_OBJC_IMPLEMENTATIONS = YES;
				CLANG_WARN_DIRECT_OBJC_ISA_USAGE = YES_ERROR;
				CLANG_WARN_DOCUMENTATION_COMMENTS = YES;
				CLANG_WARN_EMPTY_BODY = YES;
				CLANG_WARN_ENUM_CONVERSION = YES;
				CLANG_WARN_INFINITE_RECURSION = YES;
				CLANG_WARN_INT_CONVERSION = YES;
				CLANG_WARN_NON_LITERAL_NULL_CONVERSION = YES;
				CLANG_WARN_OBJC_IMPLICIT_RETAIN_SELF = YES;
				CLANG_WARN_OBJC_LITERAL_CONVERSION = YES;
				CLANG_WARN_OBJC_ROOT_CLASS = YES_ERROR;
				CLANG_WARN_QUOTED_INCLUDE_IN_FRAMEWORK_HEADER = YES;
				CLANG_WARN_RANGE_LOOP_ANALYSIS = YES;
				CLANG_WARN_STRICT_PROTOTYPES = YES;
				CLANG_WARN_SUSPICIOUS_MOVE = YES;
				CLANG_WARN_UNGUARDED_AVAILABILITY = YES_AGGRESSIVE;
				CLANG_WARN_UNREACHABLE_CODE = YES;
				CLANG_WARN__DUPLICATE_METHOD_MATCH = YES;
				COPY_PHASE_STRIP = NO;
				DEBUG_INFORMATION_FORMAT = dwarf;
				ENABLE_STRICT_OBJC_MSGSEND = YES;
				ENABLE_TESTABILITY = YES;
				GCC_C_LANGUAGE_STANDARD = gnu11;
				GCC_DYNAMIC_NO_PIC = NO;
				GCC_NO_COMMON_BLOCKS = YES;
				GCC_OPTIMIZATION_LEVEL = 0;
				GCC_PREPROCESSOR_DEFINITIONS = (
					"$(inherited)",
					"DEBUG=1",
				);
				GCC_WARN_64_TO_32_BIT_CONVERSION = YES;
				GCC_WARN_ABOUT_RETURN_TYPE = YES_ERROR;
				GCC_WARN_UNDECLARED_SELECTOR = YES;
				GCC_WARN_UNINITIALIZED_AUTOS = YES_AGGRESSIVE;
				GCC_WARN_UNUSED_FUNCTION = YES;
				GCC_WARN_UNUSED_VARIABLE = YES;
				MACOSX_DEPLOYMENT_TARGET = 13.0;
				MTL_ENABLE_DEBUG_INFO = INCLUDE_SOURCE;
				MTL_FAST_MATH = YES;
				ONLY_ACTIVE_ARCH = YES;
				PRODUCT_NAME = "$(TARGET_NAME)";
				SDKROOT = macosx;
				SWIFT_ACTIVE_COMPILATION_CONDITIONS = DEBUG;
				SWIFT_OPTIMIZATION_LEVEL = "-Onone";
				SWIFT_VERSION = 5.0;
			};
			name = Debug;
		};
		9BED3BA1892D7A274171A1FD /* Release */ = {
			isa = XCBuildConfiguration;
			buildSettings = {
				ASSETCATALOG_COMPILER_APPICON_NAME = AppIcon;
				CODE_SIGN_STYLE = Automatic;
				COMBINE_HIDPI_IMAGES = YES;
				INFOPLIST_FILE = Toki/Info.plist;
				LD_RUNPATH_SEARCH_PATHS = (
					"$(inherited)",
					"@executable_path/../Frameworks",
				);
				MACOSX_DEPLOYMENT_TARGET = 13.0;
				PRODUCT_BUNDLE_IDENTIFIER = com.toki.app;
				SDKROOT = macosx;
				SWIFT_VERSION = 5.9;
			};
			name = Release;
		};
		E115315FA31390509A83957B /* Release */ = {
			isa = XCBuildConfiguration;
			buildSettings = {
				ALWAYS_SEARCH_USER_PATHS = NO;
				CLANG_ANALYZER_NONNULL = YES;
				CLANG_ANALYZER_NUMBER_OBJECT_CONVERSION = YES_AGGRESSIVE;
				CLANG_CXX_LANGUAGE_STANDARD = "gnu++14";
				CLANG_CXX_LIBRARY = "libc++";
				CLANG_ENABLE_MODULES = YES;
				CLANG_ENABLE_OBJC_ARC = YES;
				CLANG_ENABLE_OBJC_WEAK = YES;
				CLANG_WARN_BLOCK_CAPTURE_AUTORELEASING = YES;
				CLANG_WARN_BOOL_CONVERSION = YES;
				CLANG_WARN_COMMA = YES;
				CLANG_WARN_CONSTANT_CONVERSION = YES;
				CLANG_WARN_DEPRECATED_OBJC_IMPLEMENTATIONS = YES;
				CLANG_WARN_DIRECT_OBJC_ISA_USAGE = YES_ERROR;
				CLANG_WARN_DOCUMENTATION_COMMENTS = YES;
				CLANG_WARN_EMPTY_BODY = YES;
				CLANG_WARN_ENUM_CONVERSION = YES;
				CLANG_WARN_INFINITE_RECURSION = YES;
				CLANG_WARN_INT_CONVERSION = YES;
				CLANG_WARN_NON_LITERAL_NULL_CONVERSION = YES;
				CLANG_WARN_OBJC_IMPLICIT_RETAIN_SELF = YES;
				CLANG_WARN_OBJC_LITERAL_CONVERSION = YES;
				CLANG_WARN_OBJC_ROOT_CLASS = YES_ERROR;
				CLANG_WARN_QUOTED_INCLUDE_IN_FRAMEWORK_HEADER = YES;
				CLANG_WARN_RANGE_LOOP_ANALYSIS = YES;
				CLANG_WARN_STRICT_PROTOTYPES = YES;
				CLANG_WARN_SUSPICIOUS_MOVE = YES;
				CLANG_WARN_UNGUARDED_AVAILABILITY = YES_AGGRESSIVE;
				CLANG_WARN_UNREACHABLE_CODE = YES;
				CLANG_WARN__DUPLICATE_METHOD_MATCH = YES;
				COPY_PHASE_STRIP = NO;
				DEBUG_INFORMATION_FORMAT = "dwarf-with-dsym";
				ENABLE_NS_ASSERTIONS = NO;
				ENABLE_STRICT_OBJC_MSGSEND = YES;
				GCC_C_LANGUAGE_STANDARD = gnu11;
				GCC_NO_COMMON_BLOCKS = YES;
				GCC_WARN_64_TO_32_BIT_CONVERSION = YES;
				GCC_WARN_ABOUT_RETURN_TYPE = YES_ERROR;
				GCC_WARN_UNDECLARED_SELECTOR = YES;
				GCC_WARN_UNINITIALIZED_AUTOS = YES_AGGRESSIVE;
				GCC_WARN_UNUSED_FUNCTION = YES;
				GCC_WARN_UNUSED_VARIABLE = YES;
				MACOSX_DEPLOYMENT_TARGET = 13.0;
				MTL_ENABLE_DEBUG_INFO = NO;
				MTL_FAST_MATH = YES;
				PRODUCT_NAME = "$(TARGET_NAME)";
				SDKROOT = macosx;
				SWIFT_COMPILATION_MODE = wholemodule;
				SWIFT_OPTIMIZATION_LEVEL = "-O";
				SWIFT_VERSION = 5.0;
			};
			name = Release;
		};
/* End XCBuildConfiguration section */

/* Begin XCConfigurationList section */
		BF8894522CD09D5EBB16FFE4 /* Build configuration list for PBXProject "Toki" */ = {
			isa = XCConfigurationList;
			buildConfigurations = (
				3A3C658AF1D5A41D521616DB /* Debug */,
				E115315FA31390509A83957B /* Release */,
			);
			defaultConfigurationIsVisible = 0;
			defaultConfigurationName = Debug;
		};
		E661EAB52D27C72829628BBC /* Build configuration list for PBXNativeTarget "Toki" */ = {
			isa = XCConfigurationList;
			buildConfigurations = (
				15BC7E39359BF3D20D5ACD21 /* Debug */,
				9BED3BA1892D7A274171A1FD /* Release */,
			);
			defaultConfigurationIsVisible = 0;
			defaultConfigurationName = Debug;
		};
/* End XCConfigurationList section */
	};
	rootObject = E67815167FB87B2547400755 /* Project object */;
}
