// !$*UTF8*$!
{
	archiveVersion = 1;
	classes = {
	};
	objectVersion = 77;
	objects = {

/* Begin PBXBuildFile section */
		107B19A86A1C04A01E4BE104 /* UsageFormatting.swift in Sources */ = {isa = PBXBuildFile; fileRef = 22C432D6251366821B5F63D3 /* UsageFormatting.swift */; };
		2A7C9CDE7A2948835A29D4D3 /* TokenReader.swift in Sources */ = {isa = PBXBuildFile; fileRef = C7F8F41EEF745E497361E7C9 /* TokenReader.swift */; };
		2B6D19495FEB39ABA653D9CD /* TokiApp.swift in Sources */ = {isa = PBXBuildFile; fileRef = B6780BA4E1370D9DC631805A /* TokiApp.swift */; };
		2BDBAC61B6DA87BCC6518B13 /* AppDelegate.swift in Sources */ = {isa = PBXBuildFile; fileRef = 831875CB342E2B92B39884E6 /* AppDelegate.swift */; };
		2C51D50E2644F2AFCF78F400 /* rabbit_run_06.png in Resources */ = {isa = PBXBuildFile; fileRef = 0E640BFCC95D2085AA49840F /* rabbit_run_06.png */; };
		339C9503BDA819E40DBC4232 /* rabbit_run_07.png in Resources */ = {isa = PBXBuildFile; fileRef = 4AFAEDCB4319F2927AF1C6BE /* rabbit_run_07.png */; };
		33D7F18FF76662BC33C910BE /* CodexRolloutSupport.swift in Sources */ = {isa = PBXBuildFile; fileRef = 489BB67DFC3AD293B5DCEF8E /* CodexRolloutSupport.swift */; };
		356802390BAD372EC8D6DC5A /* ReaderSupport.swift in Sources */ = {isa = PBXBuildFile; fileRef = AC8EB66593C3D2A336093FEC /* ReaderSupport.swift */; };
		38325AAFC79AF043254DD887 /* UsageService.swift in Sources */ = {isa = PBXBuildFile; fileRef = 3F8C96C3F81C48234F86700E /* UsageService.swift */; };
		3DAEE507EF8B9F72EDE9BE79 /* rabbit_run_01.png in Resources */ = {isa = PBXBuildFile; fileRef = 6505D569EA8EE2E43BC1107E /* rabbit_run_01.png */; };
		425A029E55287884FADADEF6 /* rabbit_run_00.png in Resources */ = {isa = PBXBuildFile; fileRef = 913CCF13950428ECD3F610B8 /* rabbit_run_00.png */; };
		43110D2C1421F86D10C82DE1 /* rabbit_run_03.png in Resources */ = {isa = PBXBuildFile; fileRef = 3B23FF3ABE5C9B83999FF4FA /* rabbit_run_03.png */; };
		4F126E2832914FC8D7CEB111 /* rabbit_run_04.png in Resources */ = {isa = PBXBuildFile; fileRef = 9F0D700BB18FFF007E749E42 /* rabbit_run_04.png */; };
		536309968251FA35DF319FE7 /* OpenClawReader.swift in Sources */ = {isa = PBXBuildFile; fileRef = F102B29559EAB453723C0253 /* OpenClawReader.swift */; };
		5738E10B3672E7C90CFED932 /* CodexSessionDiscovery.swift in Sources */ = {isa = PBXBuildFile; fileRef = B3907831981E3F74B11B856F /* CodexSessionDiscovery.swift */; };
		615B3A9BD6A84DF17FF28CEC /* PanelOverviewViews.swift in Sources */ = {isa = PBXBuildFile; fileRef = 754DFBAADC9EFDF744D1150B /* PanelOverviewViews.swift */; };
		619CE27CFA8BE9B5B002E929 /* TokiTests.swift in Sources */ = {isa = PBXBuildFile; fileRef = FC070E1937FCAFFD5B807BF6 /* TokiTests.swift */; };
		6CFA95243695415B46ED9010 /* PanelByModelView.swift in Sources */ = {isa = PBXBuildFile; fileRef = 86C783AE85726291211C84FF /* PanelByModelView.swift */; };
		6E27A36B8FB0714A92B39FB8 /* ActivityTimeEstimator.swift in Sources */ = {isa = PBXBuildFile; fileRef = 7D6611AB3D7B490F550D9A3F /* ActivityTimeEstimator.swift */; };
		7611368C2729160ABC15E67F /* GeminiReader.swift in Sources */ = {isa = PBXBuildFile; fileRef = A8B8538DFD695A976ED931B3 /* GeminiReader.swift */; };
		7A1ADF172F4E2366CC4CE3E3 /* rabbit_run_02.png in Resources */ = {isa = PBXBuildFile; fileRef = 128D492BD818BC76538BE7CA /* rabbit_run_02.png */; };
		984208087B7A16E1F1DE4D02 /* PanelTabBarView.swift in Sources */ = {isa = PBXBuildFile; fileRef = 2093913FA9BA770A4DD27B38 /* PanelTabBarView.swift */; };
		98F86ABAD7705F39D59FCE41 /* ActivityTimeEstimatorTests.swift in Sources */ = {isa = PBXBuildFile; fileRef = 837F35C1D7999DD0AD1401EE /* ActivityTimeEstimatorTests.swift */; };
		99B50682FCFC076FCA1ADABD /* TestSupport.swift in Sources */ = {isa = PBXBuildFile; fileRef = DC7E73CAD1292B704B8F9896 /* TestSupport.swift */; };
		9A4D33ED42435E4F7C557235 /* PanelHeaderView.swift in Sources */ = {isa = PBXBuildFile; fileRef = 1956F137B4D8CF68B7086735 /* PanelHeaderView.swift */; };
		9DB0EC3623CB46939FD71FA3 /* PanelHeroComparisonContent.swift in Sources */ = {isa = PBXBuildFile; fileRef = CA15B3EFD222050ECA620C03 /* PanelHeroComparisonContent.swift */; };
		A024D1B0143B76AC39A60088 /* ModelPricing.swift in Sources */ = {isa = PBXBuildFile; fileRef = FFA43C912265F10F586C37F1 /* ModelPricing.swift */; };
		AEFCAD47092D4DA5C27342A6 /* libsqlite3.tbd in Frameworks */ = {isa = PBXBuildFile; fileRef = 3BB2D1DD657FD734F8EC731D /* libsqlite3.tbd */; };
		B8D4859384D31130ADF0F59A /* rabbit_run_08.png in Resources */ = {isa = PBXBuildFile; fileRef = 208C53C0F71DA6701BC0A967 /* rabbit_run_08.png */; };
		B8FE2901E73920CC3A9075BE /* CodexReaderTests.swift in Sources */ = {isa = PBXBuildFile; fileRef = 6D50499C69A39EA845632811 /* CodexReaderTests.swift */; };
		C36760D5F31645546E54DD9F /* Assets.xcassets in Resources */ = {isa = PBXBuildFile; fileRef = E1DA65F57500D6F6BB7793AD /* Assets.xcassets */; };
		CB2B57AF9540E6D529CCFF0F /* PanelSupportViews.swift in Sources */ = {isa = PBXBuildFile; fileRef = 6C7BC82ACA2362A5775D0BDD /* PanelSupportViews.swift */; };
		CEE41593E17A35620E527783 /* OpenCodeReader.swift in Sources */ = {isa = PBXBuildFile; fileRef = 560649C5E2B284FB485FB4FF /* OpenCodeReader.swift */; };
		D370E136A34511750F12DF91 /* rabbit_run_05.png in Resources */ = {isa = PBXBuildFile; fileRef = A169A412590D629F7E46349A /* rabbit_run_05.png */; };
		D723D560281B235B734B80FC /* CodexReader.swift in Sources */ = {isa = PBXBuildFile; fileRef = 9E700FAEF1F9287012F73D94 /* CodexReader.swift */; };
		E0476E76B7CEA7BA6DDEAABD /* PanelDatePickerView.swift in Sources */ = {isa = PBXBuildFile; fileRef = 886292F54B9AB2C09482E836 /* PanelDatePickerView.swift */; };
		E4DBDA31F535DF1F2A5C9D79 /* rabbit_run_09.png in Resources */ = {isa = PBXBuildFile; fileRef = F530FE547E52625EFB2B8042 /* rabbit_run_09.png */; };
		E5F6B418F6066E72F501BA39 /* UsagePanelView.swift in Sources */ = {isa = PBXBuildFile; fileRef = FAFF55F8B3E56A04BFDB27F6 /* UsagePanelView.swift */; };
		E5FF669CC57F9472B0ECC364 /* ActivityMonitor.swift in Sources */ = {isa = PBXBuildFile; fileRef = F1BA3C46F1641ED01FE347AD /* ActivityMonitor.swift */; };
		E7712B2316D06BBDF73DEBC7 /* ClaudeCodeReader.swift in Sources */ = {isa = PBXBuildFile; fileRef = A3EF4ADD86A64D8DE160FB1B /* ClaudeCodeReader.swift */; };
		F49DD3180DD4240547F8F0DE /* RawTokenUsage.swift in Sources */ = {isa = PBXBuildFile; fileRef = 9E6E6E92E3F42E0F83E9E0CC /* RawTokenUsage.swift */; };
		F5AE38AB9B9F16524BAB4B6A /* UsageData.swift in Sources */ = {isa = PBXBuildFile; fileRef = 040E22475A3B67ADD7D87172 /* UsageData.swift */; };
		F5D48A1D4251979462223C95 /* TokiBehaviorTests.swift in Sources */ = {isa = PBXBuildFile; fileRef = 40522C78CB031C7A74E1366E /* TokiBehaviorTests.swift */; };
/* End PBXBuildFile section */

/* Begin PBXContainerItemProxy section */
		2314E67A646E42B7468A2EE7 /* PBXContainerItemProxy */ = {
			isa = PBXContainerItemProxy;
			containerPortal = E67815167FB87B2547400755 /* Project object */;
			proxyType = 1;
			remoteGlobalIDString = B50363118EEADF28FE868455;
			remoteInfo = Toki;
		};
/* End PBXContainerItemProxy section */

/* Begin PBXFileReference section */
		040E22475A3B67ADD7D87172 /* UsageData.swift */ = {isa = PBXFileReference; lastKnownFileType = sourcecode.swift; path = UsageData.swift; sourceTree = "<group>"; };
		0E640BFCC95D2085AA49840F /* rabbit_run_06.png */ = {isa = PBXFileReference; lastKnownFileType = image.png; path = rabbit_run_06.png; sourceTree = "<group>"; };
		128D492BD818BC76538BE7CA /* rabbit_run_02.png */ = {isa = PBXFileReference; lastKnownFileType = image.png; path = rabbit_run_02.png; sourceTree = "<group>"; };
		1956F137B4D8CF68B7086735 /* PanelHeaderView.swift */ = {isa = PBXFileReference; lastKnownFileType = sourcecode.swift; path = PanelHeaderView.swift; sourceTree = "<group>"; };
		208C53C0F71DA6701BC0A967 /* rabbit_run_08.png */ = {isa = PBXFileReference; lastKnownFileType = image.png; path = rabbit_run_08.png; sourceTree = "<group>"; };
		2093913FA9BA770A4DD27B38 /* PanelTabBarView.swift */ = {isa = PBXFileReference; lastKnownFileType = sourcecode.swift; path = PanelTabBarView.swift; sourceTree = "<group>"; };
		22C432D6251366821B5F63D3 /* UsageFormatting.swift */ = {isa = PBXFileReference; lastKnownFileType = sourcecode.swift; path = UsageFormatting.swift; sourceTree = "<group>"; };
		3B23FF3ABE5C9B83999FF4FA /* rabbit_run_03.png */ = {isa = PBXFileReference; lastKnownFileType = image.png; path = rabbit_run_03.png; sourceTree = "<group>"; };
		3BB2D1DD657FD734F8EC731D /* libsqlite3.tbd */ = {isa = PBXFileReference; lastKnownFileType = "sourcecode.text-based-dylib-definition"; name = libsqlite3.tbd; path = usr/lib/libsqlite3.tbd; sourceTree = SDKROOT; };
		3F8C96C3F81C48234F86700E /* UsageService.swift */ = {isa = PBXFileReference; lastKnownFileType = sourcecode.swift; path = UsageService.swift; sourceTree = "<group>"; };
		40522C78CB031C7A74E1366E /* TokiBehaviorTests.swift */ = {isa = PBXFileReference; lastKnownFileType = sourcecode.swift; path = TokiBehaviorTests.swift; sourceTree = "<group>"; };
		489BB67DFC3AD293B5DCEF8E /* CodexRolloutSupport.swift */ = {isa = PBXFileReference; lastKnownFileType = sourcecode.swift; path = CodexRolloutSupport.swift; sourceTree = "<group>"; };
		4AFAEDCB4319F2927AF1C6BE /* rabbit_run_07.png */ = {isa = PBXFileReference; lastKnownFileType = image.png; path = rabbit_run_07.png; sourceTree = "<group>"; };
		560649C5E2B284FB485FB4FF /* OpenCodeReader.swift */ = {isa = PBXFileReference; lastKnownFileType = sourcecode.swift; path = OpenCodeReader.swift; sourceTree = "<group>"; };
		6505D569EA8EE2E43BC1107E /* rabbit_run_01.png */ = {isa = PBXFileReference; lastKnownFileType = image.png; path = rabbit_run_01.png; sourceTree = "<group>"; };
		6C7BC82ACA2362A5775D0BDD /* PanelSupportViews.swift */ = {isa = PBXFileReference; lastKnownFileType = sourcecode.swift; path = PanelSupportViews.swift; sourceTree = "<group>"; };
		6D50499C69A39EA845632811 /* CodexReaderTests.swift */ = {isa = PBXFileReference; lastKnownFileType = sourcecode.swift; path = CodexReaderTests.swift; sourceTree = "<group>"; };
		754DFBAADC9EFDF744D1150B /* PanelOverviewViews.swift */ = {isa = PBXFileReference; lastKnownFileType = sourcecode.swift; path = PanelOverviewViews.swift; sourceTree = "<group>"; };
		7D6611AB3D7B490F550D9A3F /* ActivityTimeEstimator.swift */ = {isa = PBXFileReference; lastKnownFileType = sourcecode.swift; path = ActivityTimeEstimator.swift; sourceTree = "<group>"; };
		831875CB342E2B92B39884E6 /* AppDelegate.swift */ = {isa = PBXFileReference; lastKnownFileType = sourcecode.swift; path = AppDelegate.swift; sourceTree = "<group>"; };
		837F35C1D7999DD0AD1401EE /* ActivityTimeEstimatorTests.swift */ = {isa = PBXFileReference; lastKnownFileType = sourcecode.swift; path = ActivityTimeEstimatorTests.swift; sourceTree = "<group>"; };
		86C783AE85726291211C84FF /* PanelByModelView.swift */ = {isa = PBXFileReference; lastKnownFileType = sourcecode.swift; path = PanelByModelView.swift; sourceTree = "<group>"; };
		886292F54B9AB2C09482E836 /* PanelDatePickerView.swift */ = {isa = PBXFileReference; lastKnownFileType = sourcecode.swift; path = PanelDatePickerView.swift; sourceTree = "<group>"; };
		913CCF13950428ECD3F610B8 /* rabbit_run_00.png */ = {isa = PBXFileReference; lastKnownFileType = image.png; path = rabbit_run_00.png; sourceTree = "<group>"; };
		9E6E6E92E3F42E0F83E9E0CC /* RawTokenUsage.swift */ = {isa = PBXFileReference; lastKnownFileType = sourcecode.swift; path = RawTokenUsage.swift; sourceTree = "<group>"; };
		9E700FAEF1F9287012F73D94 /* CodexReader.swift */ = {isa = PBXFileReference; lastKnownFileType = sourcecode.swift; path = CodexReader.swift; sourceTree = "<group>"; };
		9F0D700BB18FFF007E749E42 /* rabbit_run_04.png */ = {isa = PBXFileReference; lastKnownFileType = image.png; path = rabbit_run_04.png; sourceTree = "<group>"; };
		A169A412590D629F7E46349A /* rabbit_run_05.png */ = {isa = PBXFileReference; lastKnownFileType = image.png; path = rabbit_run_05.png; sourceTree = "<group>"; };
		A3EF4ADD86A64D8DE160FB1B /* ClaudeCodeReader.swift */ = {isa = PBXFileReference; lastKnownFileType = sourcecode.swift; path = ClaudeCodeReader.swift; sourceTree = "<group>"; };
		A8B8538DFD695A976ED931B3 /* GeminiReader.swift */ = {isa = PBXFileReference; lastKnownFileType = sourcecode.swift; path = GeminiReader.swift; sourceTree = "<group>"; };
		A935D97F072BD30BEA608E73 /* TokiTests.xctest */ = {isa = PBXFileReference; explicitFileType = wrapper.cfbundle; includeInIndex = 0; path = TokiTests.xctest; sourceTree = BUILT_PRODUCTS_DIR; };
		AC8EB66593C3D2A336093FEC /* ReaderSupport.swift */ = {isa = PBXFileReference; lastKnownFileType = sourcecode.swift; path = ReaderSupport.swift; sourceTree = "<group>"; };
		B31BA1453045E7814FA75C65 /* Info.plist */ = {isa = PBXFileReference; lastKnownFileType = text.plist; path = Info.plist; sourceTree = "<group>"; };
		B3907831981E3F74B11B856F /* CodexSessionDiscovery.swift */ = {isa = PBXFileReference; lastKnownFileType = sourcecode.swift; path = CodexSessionDiscovery.swift; sourceTree = "<group>"; };
		B6780BA4E1370D9DC631805A /* TokiApp.swift */ = {isa = PBXFileReference; lastKnownFileType = sourcecode.swift; path = TokiApp.swift; sourceTree = "<group>"; };
		C7F8F41EEF745E497361E7C9 /* TokenReader.swift */ = {isa = PBXFileReference; lastKnownFileType = sourcecode.swift; path = TokenReader.swift; sourceTree = "<group>"; };
		CA15B3EFD222050ECA620C03 /* PanelHeroComparisonContent.swift */ = {isa = PBXFileReference; lastKnownFileType = sourcecode.swift; path = PanelHeroComparisonContent.swift; sourceTree = "<group>"; };
		DC7E73CAD1292B704B8F9896 /* TestSupport.swift */ = {isa = PBXFileReference; lastKnownFileType = sourcecode.swift; path = TestSupport.swift; sourceTree = "<group>"; };
		E1DA65F57500D6F6BB7793AD /* Assets.xcassets */ = {isa = PBXFileReference; lastKnownFileType = folder.assetcatalog; path = Assets.xcassets; sourceTree = "<group>"; };
		F102B29559EAB453723C0253 /* OpenClawReader.swift */ = {isa = PBXFileReference; lastKnownFileType = sourcecode.swift; path = OpenClawReader.swift; sourceTree = "<group>"; };
		F1BA3C46F1641ED01FE347AD /* ActivityMonitor.swift */ = {isa = PBXFileReference; lastKnownFileType = sourcecode.swift; path = ActivityMonitor.swift; sourceTree = "<group>"; };
		F530FE547E52625EFB2B8042 /* rabbit_run_09.png */ = {isa = PBXFileReference; lastKnownFileType = image.png; path = rabbit_run_09.png; sourceTree = "<group>"; };
		FAFF55F8B3E56A04BFDB27F6 /* UsagePanelView.swift */ = {isa = PBXFileReference; lastKnownFileType = sourcecode.swift; path = UsagePanelView.swift; sourceTree = "<group>"; };
		FC070E1937FCAFFD5B807BF6 /* TokiTests.swift */ = {isa = PBXFileReference; lastKnownFileType = sourcecode.swift; path = TokiTests.swift; sourceTree = "<group>"; };
		FF845EBA9FB3CEFA39ACA935 /* Toki.app */ = {isa = PBXFileReference; explicitFileType = wrapper.application; includeInIndex = 0; path = Toki.app; sourceTree = BUILT_PRODUCTS_DIR; };
		FFA43C912265F10F586C37F1 /* ModelPricing.swift */ = {isa = PBXFileReference; lastKnownFileType = sourcecode.swift; path = ModelPricing.swift; sourceTree = "<group>"; };
/* End PBXFileReference section */

/* Begin PBXFrameworksBuildPhase section */
		79CCC847788060700D18287D /* Frameworks */ = {
			isa = PBXFrameworksBuildPhase;
			buildActionMask = 2147483647;
			files = (
				AEFCAD47092D4DA5C27342A6 /* libsqlite3.tbd in Frameworks */,
			);
			runOnlyForDeploymentPostprocessing = 0;
		};
/* End PBXFrameworksBuildPhase section */

/* Begin PBXGroup section */
		014F5AA41FCCFE6EE00239D1 /* Infrastructure */ = {
			isa = PBXGroup;
			children = (
				2C092AF47E2CB1B6A6F74047 /* Activity */,
				3D250BF4D8D4A0FAD2CA4B35 /* UsageReaders */,
			);
			path = Infrastructure;
			sourceTree = "<group>";
		};
		1C16CC84600B2631594920F4 /* Domain */ = {
			isa = PBXGroup;
			children = (
				A5693FCDEFFCBBF748112BA1 /* Usage */,
			);
			path = Domain;
			sourceTree = "<group>";
		};
		2C092AF47E2CB1B6A6F74047 /* Activity */ = {
			isa = PBXGroup;
			children = (
				F1BA3C46F1641ED01FE347AD /* ActivityMonitor.swift */,
				7D6611AB3D7B490F550D9A3F /* ActivityTimeEstimator.swift */,
			);
			path = Activity;
			sourceTree = "<group>";
		};
		3BD800651BB248771B535149 /* Resources */ = {
			isa = PBXGroup;
			children = (
				C28DAD1E01AE6D8F6B365285 /* Animation */,
			);
			path = Resources;
			sourceTree = "<group>";
		};
		3D250BF4D8D4A0FAD2CA4B35 /* UsageReaders */ = {
			isa = PBXGroup;
			children = (
				A3EF4ADD86A64D8DE160FB1B /* ClaudeCodeReader.swift */,
				9E700FAEF1F9287012F73D94 /* CodexReader.swift */,
				489BB67DFC3AD293B5DCEF8E /* CodexRolloutSupport.swift */,
				B3907831981E3F74B11B856F /* CodexSessionDiscovery.swift */,
				A8B8538DFD695A976ED931B3 /* GeminiReader.swift */,
				FFA43C912265F10F586C37F1 /* ModelPricing.swift */,
				F102B29559EAB453723C0253 /* OpenClawReader.swift */,
				560649C5E2B284FB485FB4FF /* OpenCodeReader.swift */,
				AC8EB66593C3D2A336093FEC /* ReaderSupport.swift */,
				C7F8F41EEF745E497361E7C9 /* TokenReader.swift */,
			);
			path = UsageReaders;
			sourceTree = "<group>";
		};
		A5693FCDEFFCBBF748112BA1 /* Usage */ = {
			isa = PBXGroup;
			children = (
				9E6E6E92E3F42E0F83E9E0CC /* RawTokenUsage.swift */,
				040E22475A3B67ADD7D87172 /* UsageData.swift */,
				22C432D6251366821B5F63D3 /* UsageFormatting.swift */,
			);
			path = Usage;
			sourceTree = "<group>";
		};
		AA9CBC7B351FF453D6392F64 /* App */ = {
			isa = PBXGroup;
			children = (
				831875CB342E2B92B39884E6 /* AppDelegate.swift */,
				B6780BA4E1370D9DC631805A /* TokiApp.swift */,
			);
			path = App;
			sourceTree = "<group>";
		};
		C28DAD1E01AE6D8F6B365285 /* Animation */ = {
			isa = PBXGroup;
			children = (
				913CCF13950428ECD3F610B8 /* rabbit_run_00.png */,
				6505D569EA8EE2E43BC1107E /* rabbit_run_01.png */,
				128D492BD818BC76538BE7CA /* rabbit_run_02.png */,
				3B23FF3ABE5C9B83999FF4FA /* rabbit_run_03.png */,
				9F0D700BB18FFF007E749E42 /* rabbit_run_04.png */,
				A169A412590D629F7E46349A /* rabbit_run_05.png */,
				0E640BFCC95D2085AA49840F /* rabbit_run_06.png */,
				4AFAEDCB4319F2927AF1C6BE /* rabbit_run_07.png */,
				208C53C0F71DA6701BC0A967 /* rabbit_run_08.png */,
				F530FE547E52625EFB2B8042 /* rabbit_run_09.png */,
			);
			path = Animation;
			sourceTree = "<group>";
		};
		C324E6D70A4235CC4FA6AC29 /* UsagePanel */ = {
			isa = PBXGroup;
			children = (
				86C783AE85726291211C84FF /* PanelByModelView.swift */,
				886292F54B9AB2C09482E836 /* PanelDatePickerView.swift */,
				1956F137B4D8CF68B7086735 /* PanelHeaderView.swift */,
				CA15B3EFD222050ECA620C03 /* PanelHeroComparisonContent.swift */,
				754DFBAADC9EFDF744D1150B /* PanelOverviewViews.swift */,
				6C7BC82ACA2362A5775D0BDD /* PanelSupportViews.swift */,
				2093913FA9BA770A4DD27B38 /* PanelTabBarView.swift */,
				FAFF55F8B3E56A04BFDB27F6 /* UsagePanelView.swift */,
				3F8C96C3F81C48234F86700E /* UsageService.swift */,
			);
			path = UsagePanel;
			sourceTree = "<group>";
		};
		D0192DBF629DD690E8D1193C /* Frameworks */ = {
			isa = PBXGroup;
			children = (
				3BB2D1DD657FD734F8EC731D /* libsqlite3.tbd */,
			);
			name = Frameworks;
			sourceTree = "<group>";
		};
		D4F7CB66A43B020E76045F98 /* Products */ = {
			isa = PBXGroup;
			children = (
				FF845EBA9FB3CEFA39ACA935 /* Toki.app */,
				A935D97F072BD30BEA608E73 /* TokiTests.xctest */,
			);
			name = Products;
			sourceTree = "<group>";
		};
		D500D0F5E7F34C79980692A1 /* Toki */ = {
			isa = PBXGroup;
			children = (
				E1DA65F57500D6F6BB7793AD /* Assets.xcassets */,
				B31BA1453045E7814FA75C65 /* Info.plist */,
				AA9CBC7B351FF453D6392F64 /* App */,
				1C16CC84600B2631594920F4 /* Domain */,
				EFA70D3BCC2590DF9480CD43 /* Features */,
				014F5AA41FCCFE6EE00239D1 /* Infrastructure */,
				3BD800651BB248771B535149 /* Resources */,
			);
			path = Toki;
			sourceTree = "<group>";
		};
		EFA70D3BCC2590DF9480CD43 /* Features */ = {
			isa = PBXGroup;
			children = (
				C324E6D70A4235CC4FA6AC29 /* UsagePanel */,
			);
			path = Features;
			sourceTree = "<group>";
		};
		F318A0B53D228A28053AC05F = {
			isa = PBXGroup;
			children = (
				D500D0F5E7F34C79980692A1 /* Toki */,
				F65F631829142481371DD97B /* TokiTests */,
				D0192DBF629DD690E8D1193C /* Frameworks */,
				D4F7CB66A43B020E76045F98 /* Products */,
			);
			sourceTree = "<group>";
		};
		F65F631829142481371DD97B /* TokiTests */ = {
			isa = PBXGroup;
			children = (
				837F35C1D7999DD0AD1401EE /* ActivityTimeEstimatorTests.swift */,
				6D50499C69A39EA845632811 /* CodexReaderTests.swift */,
				DC7E73CAD1292B704B8F9896 /* TestSupport.swift */,
				40522C78CB031C7A74E1366E /* TokiBehaviorTests.swift */,
				FC070E1937FCAFFD5B807BF6 /* TokiTests.swift */,
			);
			path = TokiTests;
			sourceTree = "<group>";
		};
/* End PBXGroup section */

/* Begin PBXNativeTarget section */
		4D074AE454450A4CD82EFD67 /* TokiTests */ = {
			isa = PBXNativeTarget;
			buildConfigurationList = EF94A912C432E78951BF6C84 /* Build configuration list for PBXNativeTarget "TokiTests" */;
			buildPhases = (
				B7856DC33B74560999B9B038 /* Sources */,
			);
			buildRules = (
			);
			dependencies = (
				62B040DFEF05BEB13FC98384 /* PBXTargetDependency */,
			);
			name = TokiTests;
			packageProductDependencies = (
			);
			productName = TokiTests;
			productReference = A935D97F072BD30BEA608E73 /* TokiTests.xctest */;
			productType = "com.apple.product-type.bundle.unit-test";
		};
		B50363118EEADF28FE868455 /* Toki */ = {
			isa = PBXNativeTarget;
			buildConfigurationList = E661EAB52D27C72829628BBC /* Build configuration list for PBXNativeTarget "Toki" */;
			buildPhases = (
				0AED3256AF30ABACDA10DACA /* Sources */,
				5F16307A79D02802CFF38970 /* Resources */,
				79CCC847788060700D18287D /* Frameworks */,
			);
			buildRules = (
			);
			dependencies = (
			);
			name = Toki;
			packageProductDependencies = (
			);
			productName = Toki;
			productReference = FF845EBA9FB3CEFA39ACA935 /* Toki.app */;
			productType = "com.apple.product-type.application";
		};
/* End PBXNativeTarget section */

/* Begin PBXProject section */
		E67815167FB87B2547400755 /* Project object */ = {
			isa = PBXProject;
			attributes = {
				BuildIndependentTargetsInParallel = YES;
				LastUpgradeCheck = 1430;
				TargetAttributes = {
					4D074AE454450A4CD82EFD67 = {
						ProvisioningStyle = Automatic;
					};
					B50363118EEADF28FE868455 = {
						ProvisioningStyle = Automatic;
					};
				};
			};
			buildConfigurationList = BF8894522CD09D5EBB16FFE4 /* Build configuration list for PBXProject "Toki" */;
			compatibilityVersion = "Xcode 14.0";
			developmentRegion = en;
			hasScannedForEncodings = 0;
			knownRegions = (
				Base,
				en,
			);
			mainGroup = F318A0B53D228A28053AC05F;
			minimizedProjectReferenceProxies = 1;
			preferredProjectObjectVersion = 77;
			projectDirPath = "";
			projectRoot = "";
			targets = (
				B50363118EEADF28FE868455 /* Toki */,
				4D074AE454450A4CD82EFD67 /* TokiTests */,
			);
		};
/* End PBXProject section */

/* Begin PBXResourcesBuildPhase section */
		5F16307A79D02802CFF38970 /* Resources */ = {
			isa = PBXResourcesBuildPhase;
			buildActionMask = 2147483647;
			files = (
				C36760D5F31645546E54DD9F /* Assets.xcassets in Resources */,
				425A029E55287884FADADEF6 /* rabbit_run_00.png in Resources */,
				3DAEE507EF8B9F72EDE9BE79 /* rabbit_run_01.png in Resources */,
				7A1ADF172F4E2366CC4CE3E3 /* rabbit_run_02.png in Resources */,
				43110D2C1421F86D10C82DE1 /* rabbit_run_03.png in Resources */,
				4F126E2832914FC8D7CEB111 /* rabbit_run_04.png in Resources */,
				D370E136A34511750F12DF91 /* rabbit_run_05.png in Resources */,
				2C51D50E2644F2AFCF78F400 /* rabbit_run_06.png in Resources */,
				339C9503BDA819E40DBC4232 /* rabbit_run_07.png in Resources */,
				B8D4859384D31130ADF0F59A /* rabbit_run_08.png in Resources */,
				E4DBDA31F535DF1F2A5C9D79 /* rabbit_run_09.png in Resources */,
			);
			runOnlyForDeploymentPostprocessing = 0;
		};
/* End PBXResourcesBuildPhase section */

/* Begin PBXSourcesBuildPhase section */
		0AED3256AF30ABACDA10DACA /* Sources */ = {
			isa = PBXSourcesBuildPhase;
			buildActionMask = 2147483647;
			files = (
				E5FF669CC57F9472B0ECC364 /* ActivityMonitor.swift in Sources */,
				6E27A36B8FB0714A92B39FB8 /* ActivityTimeEstimator.swift in Sources */,
				2BDBAC61B6DA87BCC6518B13 /* AppDelegate.swift in Sources */,
				E7712B2316D06BBDF73DEBC7 /* ClaudeCodeReader.swift in Sources */,
				D723D560281B235B734B80FC /* CodexReader.swift in Sources */,
				33D7F18FF76662BC33C910BE /* CodexRolloutSupport.swift in Sources */,
				5738E10B3672E7C90CFED932 /* CodexSessionDiscovery.swift in Sources */,
				7611368C2729160ABC15E67F /* GeminiReader.swift in Sources */,
				A024D1B0143B76AC39A60088 /* ModelPricing.swift in Sources */,
				536309968251FA35DF319FE7 /* OpenClawReader.swift in Sources */,
				CEE41593E17A35620E527783 /* OpenCodeReader.swift in Sources */,
				6CFA95243695415B46ED9010 /* PanelByModelView.swift in Sources */,
				E0476E76B7CEA7BA6DDEAABD /* PanelDatePickerView.swift in Sources */,
				9A4D33ED42435E4F7C557235 /* PanelHeaderView.swift in Sources */,
				9DB0EC3623CB46939FD71FA3 /* PanelHeroComparisonContent.swift in Sources */,
				615B3A9BD6A84DF17FF28CEC /* PanelOverviewViews.swift in Sources */,
				CB2B57AF9540E6D529CCFF0F /* PanelSupportViews.swift in Sources */,
				984208087B7A16E1F1DE4D02 /* PanelTabBarView.swift in Sources */,
				F49DD3180DD4240547F8F0DE /* RawTokenUsage.swift in Sources */,
				356802390BAD372EC8D6DC5A /* ReaderSupport.swift in Sources */,
				2A7C9CDE7A2948835A29D4D3 /* TokenReader.swift in Sources */,
				2B6D19495FEB39ABA653D9CD /* TokiApp.swift in Sources */,
				F5AE38AB9B9F16524BAB4B6A /* UsageData.swift in Sources */,
				107B19A86A1C04A01E4BE104 /* UsageFormatting.swift in Sources */,
				E5F6B418F6066E72F501BA39 /* UsagePanelView.swift in Sources */,
				38325AAFC79AF043254DD887 /* UsageService.swift in Sources */,
			);
			runOnlyForDeploymentPostprocessing = 0;
		};
		B7856DC33B74560999B9B038 /* Sources */ = {
			isa = PBXSourcesBuildPhase;
			buildActionMask = 2147483647;
			files = (
				98F86ABAD7705F39D59FCE41 /* ActivityTimeEstimatorTests.swift in Sources */,
				B8FE2901E73920CC3A9075BE /* CodexReaderTests.swift in Sources */,
				99B50682FCFC076FCA1ADABD /* TestSupport.swift in Sources */,
				F5D48A1D4251979462223C95 /* TokiBehaviorTests.swift in Sources */,
				619CE27CFA8BE9B5B002E929 /* TokiTests.swift in Sources */,
			);
			runOnlyForDeploymentPostprocessing = 0;
		};
/* End PBXSourcesBuildPhase section */

/* Begin PBXTargetDependency section */
		62B040DFEF05BEB13FC98384 /* PBXTargetDependency */ = {
			isa = PBXTargetDependency;
			target = B50363118EEADF28FE868455 /* Toki */;
			targetProxy = 2314E67A646E42B7468A2EE7 /* PBXContainerItemProxy */;
		};
/* End PBXTargetDependency section */

/* Begin XCBuildConfiguration section */
		1052D1DB5EC877979A6E5B0B /* Debug */ = {
			isa = XCBuildConfiguration;
			buildSettings = {
				BUNDLE_LOADER = "$(TEST_HOST)";
				CODE_SIGN_STYLE = Automatic;
				COMBINE_HIDPI_IMAGES = YES;
				LD_RUNPATH_SEARCH_PATHS = (
					"$(inherited)",
					"@executable_path/../Frameworks",
					"@loader_path/../Frameworks",
				);
				MACOSX_DEPLOYMENT_TARGET = 13.0;
				PRODUCT_BUNDLE_IDENTIFIER = com.toki.TokiTests;
				SDKROOT = macosx;
				SWIFT_VERSION = 5.9;
				TEST_HOST = "$(BUILT_PRODUCTS_DIR)/Toki.app/Contents/MacOS/Toki";
			};
			name = Debug;
		};
		15BC7E39359BF3D20D5ACD21 /* Debug */ = {
			isa = XCBuildConfiguration;
			buildSettings = {
				ASSETCATALOG_COMPILER_APPICON_NAME = AppIcon;
				CODE_SIGN_STYLE = Automatic;
				COMBINE_HIDPI_IMAGES = YES;
				INFOPLIST_FILE = Toki/Info.plist;
				LD_RUNPATH_SEARCH_PATHS = (
					"$(inherited)",
					"@executable_path/../Frameworks",
				);
				MACOSX_DEPLOYMENT_TARGET = 13.0;
				PRODUCT_BUNDLE_IDENTIFIER = com.toki.app;
				SDKROOT = macosx;
				SWIFT_VERSION = 5.9;
			};
			name = Debug;
		};
		3A3C658AF1D5A41D521616DB /* Debug */ = {
			isa = XCBuildConfiguration;
			buildSettings = {
				ALWAYS_SEARCH_USER_PATHS = NO;
				CLANG_ANALYZER_NONNULL = YES;
				CLANG_ANALYZER_NUMBER_OBJECT_CONVERSION = YES_AGGRESSIVE;
				CLANG_CXX_LANGUAGE_STANDARD = "gnu++14";
				CLANG_CXX_LIBRARY = "libc++";
				CLANG_ENABLE_MODULES = YES;
				CLANG_ENABLE_OBJC_ARC = YES;
				CLANG_ENABLE_OBJC_WEAK = YES;
				CLANG_WARN_BLOCK_CAPTURE_AUTORELEASING = YES;
				CLANG_WARN_BOOL_CONVERSION = YES;
				CLANG_WARN_COMMA = YES;
				CLANG_WARN_CONSTANT_CONVERSION = YES;
				CLANG_WARN_DEPRECATED_OBJC_IMPLEMENTATIONS = YES;
				CLANG_WARN_DIRECT_OBJC_ISA_USAGE = YES_ERROR;
				CLANG_WARN_DOCUMENTATION_COMMENTS = YES;
				CLANG_WARN_EMPTY_BODY = YES;
				CLANG_WARN_ENUM_CONVERSION = YES;
				CLANG_WARN_INFINITE_RECURSION = YES;
				CLANG_WARN_INT_CONVERSION = YES;
				CLANG_WARN_NON_LITERAL_NULL_CONVERSION = YES;
				CLANG_WARN_OBJC_IMPLICIT_RETAIN_SELF = YES;
				CLANG_WARN_OBJC_LITERAL_CONVERSION = YES;
				CLANG_WARN_OBJC_ROOT_CLASS = YES_ERROR;
				CLANG_WARN_QUOTED_INCLUDE_IN_FRAMEWORK_HEADER = YES;
				CLANG_WARN_RANGE_LOOP_ANALYSIS = YES;
				CLANG_WARN_STRICT_PROTOTYPES = YES;
				CLANG_WARN_SUSPICIOUS_MOVE = YES;
				CLANG_WARN_UNGUARDED_AVAILABILITY = YES_AGGRESSIVE;
				CLANG_WARN_UNREACHABLE_CODE = YES;
				CLANG_WARN__DUPLICATE_METHOD_MATCH = YES;
				COPY_PHASE_STRIP = NO;
				DEBUG_INFORMATION_FORMAT = dwarf;
				ENABLE_STRICT_OBJC_MSGSEND = YES;
				ENABLE_TESTABILITY = YES;
				GCC_C_LANGUAGE_STANDARD = gnu11;
				GCC_DYNAMIC_NO_PIC = NO;
				GCC_NO_COMMON_BLOCKS = YES;
				GCC_OPTIMIZATION_LEVEL = 0;
				GCC_PREPROCESSOR_DEFINITIONS = (
					"$(inherited)",
					"DEBUG=1",
				);
				GCC_WARN_64_TO_32_BIT_CONVERSION = YES;
				GCC_WARN_ABOUT_RETURN_TYPE = YES_ERROR;
				GCC_WARN_UNDECLARED_SELECTOR = YES;
				GCC_WARN_UNINITIALIZED_AUTOS = YES_AGGRESSIVE;
				GCC_WARN_UNUSED_FUNCTION = YES;
				GCC_WARN_UNUSED_VARIABLE = YES;
				MACOSX_DEPLOYMENT_TARGET = 13.0;
				MTL_ENABLE_DEBUG_INFO = INCLUDE_SOURCE;
				MTL_FAST_MATH = YES;
				ONLY_ACTIVE_ARCH = YES;
				PRODUCT_NAME = "$(TARGET_NAME)";
				SDKROOT = macosx;
				SWIFT_ACTIVE_COMPILATION_CONDITIONS = DEBUG;
				SWIFT_OPTIMIZATION_LEVEL = "-Onone";
				SWIFT_VERSION = 5.0;
			};
			name = Debug;
		};
		91A915C12E31A2A4B80A4AC1 /* Release */ = {
			isa = XCBuildConfiguration;
			buildSettings = {
				BUNDLE_LOADER = "$(TEST_HOST)";
				CODE_SIGN_STYLE = Automatic;
				COMBINE_HIDPI_IMAGES = YES;
				LD_RUNPATH_SEARCH_PATHS = (
					"$(inherited)",
					"@executable_path/../Frameworks",
					"@loader_path/../Frameworks",
				);
				MACOSX_DEPLOYMENT_TARGET = 13.0;
				PRODUCT_BUNDLE_IDENTIFIER = com.toki.TokiTests;
				SDKROOT = macosx;
				SWIFT_VERSION = 5.9;
				TEST_HOST = "$(BUILT_PRODUCTS_DIR)/Toki.app/Contents/MacOS/Toki";
			};
			name = Release;
		};
		9BED3BA1892D7A274171A1FD /* Release */ = {
			isa = XCBuildConfiguration;
			buildSettings = {
				ASSETCATALOG_COMPILER_APPICON_NAME = AppIcon;
				CODE_SIGN_STYLE = Automatic;
				COMBINE_HIDPI_IMAGES = YES;
				INFOPLIST_FILE = Toki/Info.plist;
				LD_RUNPATH_SEARCH_PATHS = (
					"$(inherited)",
					"@executable_path/../Frameworks",
				);
				MACOSX_DEPLOYMENT_TARGET = 13.0;
				PRODUCT_BUNDLE_IDENTIFIER = com.toki.app;
				SDKROOT = macosx;
				SWIFT_VERSION = 5.9;
			};
			name = Release;
		};
		E115315FA31390509A83957B /* Release */ = {
			isa = XCBuildConfiguration;
			buildSettings = {
				ALWAYS_SEARCH_USER_PATHS = NO;
				CLANG_ANALYZER_NONNULL = YES;
				CLANG_ANALYZER_NUMBER_OBJECT_CONVERSION = YES_AGGRESSIVE;
				CLANG_CXX_LANGUAGE_STANDARD = "gnu++14";
				CLANG_CXX_LIBRARY = "libc++";
				CLANG_ENABLE_MODULES = YES;
				CLANG_ENABLE_OBJC_ARC = YES;
				CLANG_ENABLE_OBJC_WEAK = YES;
				CLANG_WARN_BLOCK_CAPTURE_AUTORELEASING = YES;
				CLANG_WARN_BOOL_CONVERSION = YES;
				CLANG_WARN_COMMA = YES;
				CLANG_WARN_CONSTANT_CONVERSION = YES;
				CLANG_WARN_DEPRECATED_OBJC_IMPLEMENTATIONS = YES;
				CLANG_WARN_DIRECT_OBJC_ISA_USAGE = YES_ERROR;
				CLANG_WARN_DOCUMENTATION_COMMENTS = YES;
				CLANG_WARN_EMPTY_BODY = YES;
				CLANG_WARN_ENUM_CONVERSION = YES;
				CLANG_WARN_INFINITE_RECURSION = YES;
				CLANG_WARN_INT_CONVERSION = YES;
				CLANG_WARN_NON_LITERAL_NULL_CONVERSION = YES;
				CLANG_WARN_OBJC_IMPLICIT_RETAIN_SELF = YES;
				CLANG_WARN_OBJC_LITERAL_CONVERSION = YES;
				CLANG_WARN_OBJC_ROOT_CLASS = YES_ERROR;
				CLANG_WARN_QUOTED_INCLUDE_IN_FRAMEWORK_HEADER = YES;
				CLANG_WARN_RANGE_LOOP_ANALYSIS = YES;
				CLANG_WARN_STRICT_PROTOTYPES = YES;
				CLANG_WARN_SUSPICIOUS_MOVE = YES;
				CLANG_WARN_UNGUARDED_AVAILABILITY = YES_AGGRESSIVE;
				CLANG_WARN_UNREACHABLE_CODE = YES;
				CLANG_WARN__DUPLICATE_METHOD_MATCH = YES;
				COPY_PHASE_STRIP = NO;
				DEBUG_INFORMATION_FORMAT = "dwarf-with-dsym";
				ENABLE_NS_ASSERTIONS = NO;
				ENABLE_STRICT_OBJC_MSGSEND = YES;
				GCC_C_LANGUAGE_STANDARD = gnu11;
				GCC_NO_COMMON_BLOCKS = YES;
				GCC_WARN_64_TO_32_BIT_CONVERSION = YES;
				GCC_WARN_ABOUT_RETURN_TYPE = YES_ERROR;
				GCC_WARN_UNDECLARED_SELECTOR = YES;
				GCC_WARN_UNINITIALIZED_AUTOS = YES_AGGRESSIVE;
				GCC_WARN_UNUSED_FUNCTION = YES;
				GCC_WARN_UNUSED_VARIABLE = YES;
				MACOSX_DEPLOYMENT_TARGET = 13.0;
				MTL_ENABLE_DEBUG_INFO = NO;
				MTL_FAST_MATH = YES;
				PRODUCT_NAME = "$(TARGET_NAME)";
				SDKROOT = macosx;
				SWIFT_COMPILATION_MODE = wholemodule;
				SWIFT_OPTIMIZATION_LEVEL = "-O";
				SWIFT_VERSION = 5.0;
			};
			name = Release;
		};
/* End XCBuildConfiguration section */

/* Begin XCConfigurationList section */
		BF8894522CD09D5EBB16FFE4 /* Build configuration list for PBXProject "Toki" */ = {
			isa = XCConfigurationList;
			buildConfigurations = (
				3A3C658AF1D5A41D521616DB /* Debug */,
				E115315FA31390509A83957B /* Release */,
			);
			defaultConfigurationIsVisible = 0;
			defaultConfigurationName = Debug;
		};
		E661EAB52D27C72829628BBC /* Build configuration list for PBXNativeTarget "Toki" */ = {
			isa = XCConfigurationList;
			buildConfigurations = (
				15BC7E39359BF3D20D5ACD21 /* Debug */,
				9BED3BA1892D7A274171A1FD /* Release */,
			);
			defaultConfigurationIsVisible = 0;
			defaultConfigurationName = Debug;
		};
		EF94A912C432E78951BF6C84 /* Build configuration list for PBXNativeTarget "TokiTests" */ = {
			isa = XCConfigurationList;
			buildConfigurations = (
				1052D1DB5EC877979A6E5B0B /* Debug */,
				91A915C12E31A2A4B80A4AC1 /* Release */,
			);
			defaultConfigurationIsVisible = 0;
			defaultConfigurationName = Debug;
		};
/* End XCConfigurationList section */
	};
	rootObject = E67815167FB87B2547400755 /* Project object */;
}
